
Microsoft Visual Studio Solution File, Format Version 12.00
# Visual Studio Version 16
VisualStudioVersion = 16.0.30011.22
MinimumVisualStudioVersion = 10.0.40219.1
Project("{FAE04EC0-301F-11D3-BF4B-00C04F79EFBC}") = "DataAccess", "DataAccess\DataAccess.csproj", "{00BE6B69-2014-4373-BBD2-57126292025C}"
EndProject
Project("{FAE04EC0-301F-11D3-BF4B-00C04F79EFBC}") = "UpSight.QuickSort.DataAccess.Tests", "UpSight.QuickSort.DataAccess.Tests\UpSight.QuickSort.DataAccess.Tests.csproj", "{B91F83F0-12B1-418F-B435-881238CB1B34}"
EndProject
Global
	GlobalSection(SolutionConfigurationPlatforms) = preSolution
		Debug|Any CPU = Debug|Any CPU
		Release|Any CPU = Release|Any CPU
	EndGlobalSection
	GlobalSection(ProjectConfigurationPlatforms) = postSolution
		{00BE6B69-2014-4373-BBD2-57126292025C}.Debug|Any CPU.ActiveCfg = Debug|Any CPU
		{00BE6B69-2014-4373-BBD2-57126292025C}.Debug|Any CPU.Build.0 = Debug|Any CPU
		{00BE6B69-2014-4373-BBD2-57126292025C}.Release|Any CPU.ActiveCfg = Release|Any CPU
		{00BE6B69-2014-4373-BBD2-57126292025C}.Release|Any CPU.Build.0 = Release|Any CPU
		{B91F83F0-12B1-418F-B435-881238CB1B34}.Debug|Any CPU.ActiveCfg = Debug|Any CPU
		{B91F83F0-12B1-418F-B435-881238CB1B34}.Debug|Any CPU.Build.0 = Debug|Any CPU
		{B91F83F0-12B1-418F-B435-881238CB1B34}.Release|Any CPU.ActiveCfg = Release|Any CPU
		{B91F83F0-12B1-418F-B435-881238CB1B34}.Release|Any CPU.Build.0 = Release|Any CPU
	EndGlobalSection
	GlobalSection(SolutionProperties) = preSolution
		HideSolutionNode = FALSE
	EndGlobalSection
	GlobalSection(ExtensibilityGlobals) = postSolution
		SolutionGuid = {EB9435DE-5F5B-4B58-8FEB-1046EC626D56}
	EndGlobalSection
EndGlobal
